
Microsoft Visual Studio Solution File, Format Version 12.00
# Visual Studio Version 17
VisualStudioVersion = 17.3.32825.248
MinimumVisualStudioVersion = 10.0.40219.1
Project("{9A19103F-16F7-4668-BE54-9A1E7A4F7556}") = "WebAPI", "WebAPI\WebAPI.csproj", "{72CD6B25-F844-4416-AF9C-6D929D389C59}"
EndProject
Project("{2150E333-8FDC-42A3-9474-1A3956D46DE8}") = "Solution Items", "Solution Items", "{F985FDB7-F167-48EA-8783-15F14B78A046}"
	ProjectSection(SolutionItems) = preProject
		FATT.sln = FATT.sln
	EndProjectSection
EndProject
Project("{9A19103F-16F7-4668-BE54-9A1E7A4F7556}") = "APIUnitTesting", "APIUnitTesting\APIUnitTesting.csproj", "{A33DE831-96B6-490A-BB43-218DE11F7926}"
EndProject
Global
	GlobalSection(SolutionConfigurationPlatforms) = preSolution
		Debug|Any CPU = Debug|Any CPU
		Release|Any CPU = Release|Any CPU
	EndGlobalSection
	GlobalSection(ProjectConfigurationPlatforms) = postSolution
		{72CD6B25-F844-4416-AF9C-6D929D389C59}.Debug|Any CPU.ActiveCfg = Debug|Any CPU
		{72CD6B25-F844-4416-AF9C-6D929D389C59}.Debug|Any CPU.Build.0 = Debug|Any CPU
		{72CD6B25-F844-4416-AF9C-6D929D389C59}.Release|Any CPU.ActiveCfg = Release|Any CPU
		{72CD6B25-F844-4416-AF9C-6D929D389C59}.Release|Any CPU.Build.0 = Release|Any CPU
		{A33DE831-96B6-490A-BB43-218DE11F7926}.Debug|Any CPU.ActiveCfg = Debug|Any CPU
		{A33DE831-96B6-490A-BB43-218DE11F7926}.Debug|Any CPU.Build.0 = Debug|Any CPU
		{A33DE831-96B6-490A-BB43-218DE11F7926}.Release|Any CPU.ActiveCfg = Release|Any CPU
		{A33DE831-96B6-490A-BB43-218DE11F7926}.Release|Any CPU.Build.0 = Release|Any CPU
	EndGlobalSection
	GlobalSection(SolutionProperties) = preSolution
		HideSolutionNode = FALSE
	EndGlobalSection
	GlobalSection(ExtensibilityGlobals) = postSolution
		SolutionGuid = {207982FF-E2F9-4C58-B786-29AF336787A5}
	EndGlobalSection
EndGlobal
